
Microsoft Visual Studio Solution File, Format Version 12.00
# Visual Studio Version 17
VisualStudioVersion = 17.0.31903.59
MinimumVisualStudioVersion = 10.0.40219.1
Project("{9A19103F-16F7-4668-BE54-9A1E7A4F7556}") = "DeadCellsModding", "DeadCellsModding\DeadCellsModding.csproj", "{830B172B-5973-4D6A-9B6B-0E9B3F084153}"
	ProjectSection(ProjectDependencies) = postProject
		{798EC443-C229-4F22-86B4-8BDE18266DBA} = {798EC443-C229-4F22-86B4-8BDE18266DBA}
	EndProjectSection
EndProject
Project("{9A19103F-16F7-4668-BE54-9A1E7A4F7556}") = "ModCore", "ModCore\ModCore.csproj", "{798EC443-C229-4F22-86B4-8BDE18266DBA}"
EndProject
Project("{2150E333-8FDC-42A3-9474-1A3956D46DE8}") = "3rd", "3rd", "{6AB79529-EED5-4F1F-AB5D-A92ECB74171C}"
EndProject
Project("{2150E333-8FDC-42A3-9474-1A3956D46DE8}") = "loader", "loader", "{DC1795AE-F078-4556-816E-3B505DB22B10}"
EndProject
Project("{9A19103F-16F7-4668-BE54-9A1E7A4F7556}") = "HashlinkSharp", "HashlinkSharp\HashlinkSharp.csproj", "{148A63DD-1249-49B7-80D8-601BABA6F236}"
EndProject
Project("{2150E333-8FDC-42A3-9474-1A3956D46DE8}") = "VM", "VM", "{012C86DA-F634-4751-BE70-5DF884E4B18D}"
EndProject
Project("{2150E333-8FDC-42A3-9474-1A3956D46DE8}") = "Solution Items", "Solution Items", "{0A4D46B9-FD22-476F-9451-F3C17380253E}"
	ProjectSection(SolutionItems) = preProject
		.editorconfig = .editorconfig
		..\README.md = ..\README.md
	EndProjectSection
EndProject
Project("{2150E333-8FDC-42A3-9474-1A3956D46DE8}") = "ci", "ci", "{D82BFBA7-3D6C-4FF4-9F82-BE048BEEFBE7}"
	ProjectSection(SolutionItems) = preProject
		..\.github\workflows\build.yml = ..\.github\workflows\build.yml
	EndProjectSection
EndProject
Project("{FAE04EC0-301F-11D3-BF4B-00C04F79EFBC}") = "ModCore.Common", "ModCore.Common\ModCore.Common.csproj", "{5666766A-4901-4F75-8F1E-0BF433A9F55D}"
EndProject
Project("{FAE04EC0-301F-11D3-BF4B-00C04F79EFBC}") = "HaxeSharp", "HaxeSharp\HaxeSharp.csproj", "{507214C4-FAED-45B1-BC58-08DB29E7FD04}"
EndProject
Global
	GlobalSection(SolutionConfigurationPlatforms) = preSolution
		Debug|Any CPU = Debug|Any CPU
		Debug|x64 = Debug|x64
		Debug|x86 = Debug|x86
		Release|Any CPU = Release|Any CPU
		Release|x64 = Release|x64
		Release|x86 = Release|x86
	EndGlobalSection
	GlobalSection(ProjectConfigurationPlatforms) = postSolution
		{830B172B-5973-4D6A-9B6B-0E9B3F084153}.Debug|Any CPU.ActiveCfg = Debug|Any CPU
		{830B172B-5973-4D6A-9B6B-0E9B3F084153}.Debug|Any CPU.Build.0 = Debug|Any CPU
		{830B172B-5973-4D6A-9B6B-0E9B3F084153}.Debug|x64.ActiveCfg = Debug|x64
		{830B172B-5973-4D6A-9B6B-0E9B3F084153}.Debug|x64.Build.0 = Debug|x64
		{830B172B-5973-4D6A-9B6B-0E9B3F084153}.Debug|x86.ActiveCfg = Debug|x86
		{830B172B-5973-4D6A-9B6B-0E9B3F084153}.Debug|x86.Build.0 = Debug|x86
		{830B172B-5973-4D6A-9B6B-0E9B3F084153}.Release|Any CPU.ActiveCfg = Release|Any CPU
		{830B172B-5973-4D6A-9B6B-0E9B3F084153}.Release|Any CPU.Build.0 = Release|Any CPU
		{830B172B-5973-4D6A-9B6B-0E9B3F084153}.Release|x64.ActiveCfg = Release|Any CPU
		{830B172B-5973-4D6A-9B6B-0E9B3F084153}.Release|x64.Build.0 = Release|Any CPU
		{830B172B-5973-4D6A-9B6B-0E9B3F084153}.Release|x86.ActiveCfg = Release|x86
		{830B172B-5973-4D6A-9B6B-0E9B3F084153}.Release|x86.Build.0 = Release|x86
		{798EC443-C229-4F22-86B4-8BDE18266DBA}.Debug|Any CPU.ActiveCfg = Debug|Any CPU
		{798EC443-C229-4F22-86B4-8BDE18266DBA}.Debug|Any CPU.Build.0 = Debug|Any CPU
		{798EC443-C229-4F22-86B4-8BDE18266DBA}.Debug|x64.ActiveCfg = Debug|x64
		{798EC443-C229-4F22-86B4-8BDE18266DBA}.Debug|x64.Build.0 = Debug|x64
		{798EC443-C229-4F22-86B4-8BDE18266DBA}.Debug|x86.ActiveCfg = Debug|Any CPU
		{798EC443-C229-4F22-86B4-8BDE18266DBA}.Debug|x86.Build.0 = Debug|Any CPU
		{798EC443-C229-4F22-86B4-8BDE18266DBA}.Release|Any CPU.ActiveCfg = Release|Any CPU
		{798EC443-C229-4F22-86B4-8BDE18266DBA}.Release|Any CPU.Build.0 = Release|Any CPU
		{798EC443-C229-4F22-86B4-8BDE18266DBA}.Release|x64.ActiveCfg = Release|Any CPU
		{798EC443-C229-4F22-86B4-8BDE18266DBA}.Release|x64.Build.0 = Release|Any CPU
		{798EC443-C229-4F22-86B4-8BDE18266DBA}.Release|x86.ActiveCfg = Release|Any CPU
		{798EC443-C229-4F22-86B4-8BDE18266DBA}.Release|x86.Build.0 = Release|Any CPU
		{148A63DD-1249-49B7-80D8-601BABA6F236}.Debug|Any CPU.ActiveCfg = Debug|Any CPU
		{148A63DD-1249-49B7-80D8-601BABA6F236}.Debug|Any CPU.Build.0 = Debug|Any CPU
		{148A63DD-1249-49B7-80D8-601BABA6F236}.Debug|x64.ActiveCfg = Debug|x64
		{148A63DD-1249-49B7-80D8-601BABA6F236}.Debug|x64.Build.0 = Debug|x64
		{148A63DD-1249-49B7-80D8-601BABA6F236}.Debug|x86.ActiveCfg = Debug|x86
		{148A63DD-1249-49B7-80D8-601BABA6F236}.Debug|x86.Build.0 = Debug|x86
		{148A63DD-1249-49B7-80D8-601BABA6F236}.Release|Any CPU.ActiveCfg = Release|Any CPU
		{148A63DD-1249-49B7-80D8-601BABA6F236}.Release|Any CPU.Build.0 = Release|Any CPU
		{148A63DD-1249-49B7-80D8-601BABA6F236}.Release|x64.ActiveCfg = Release|Any CPU
		{148A63DD-1249-49B7-80D8-601BABA6F236}.Release|x64.Build.0 = Release|Any CPU
		{148A63DD-1249-49B7-80D8-601BABA6F236}.Release|x86.ActiveCfg = Release|Any CPU
		{148A63DD-1249-49B7-80D8-601BABA6F236}.Release|x86.Build.0 = Release|Any CPU
		{5666766A-4901-4F75-8F1E-0BF433A9F55D}.Debug|Any CPU.ActiveCfg = Debug|Any CPU
		{5666766A-4901-4F75-8F1E-0BF433A9F55D}.Debug|Any CPU.Build.0 = Debug|Any CPU
		{5666766A-4901-4F75-8F1E-0BF433A9F55D}.Debug|x64.ActiveCfg = Debug|Any CPU
		{5666766A-4901-4F75-8F1E-0BF433A9F55D}.Debug|x64.Build.0 = Debug|Any CPU
		{5666766A-4901-4F75-8F1E-0BF433A9F55D}.Debug|x86.ActiveCfg = Debug|Any CPU
		{5666766A-4901-4F75-8F1E-0BF433A9F55D}.Debug|x86.Build.0 = Debug|Any CPU
		{5666766A-4901-4F75-8F1E-0BF433A9F55D}.Release|Any CPU.ActiveCfg = Release|Any CPU
		{5666766A-4901-4F75-8F1E-0BF433A9F55D}.Release|Any CPU.Build.0 = Release|Any CPU
		{5666766A-4901-4F75-8F1E-0BF433A9F55D}.Release|x64.ActiveCfg = Release|Any CPU
		{5666766A-4901-4F75-8F1E-0BF433A9F55D}.Release|x64.Build.0 = Release|Any CPU
		{5666766A-4901-4F75-8F1E-0BF433A9F55D}.Release|x86.ActiveCfg = Release|Any CPU
		{5666766A-4901-4F75-8F1E-0BF433A9F55D}.Release|x86.Build.0 = Release|Any CPU
		{507214C4-FAED-45B1-BC58-08DB29E7FD04}.Debug|Any CPU.ActiveCfg = Debug|Any CPU
		{507214C4-FAED-45B1-BC58-08DB29E7FD04}.Debug|Any CPU.Build.0 = Debug|Any CPU
		{507214C4-FAED-45B1-BC58-08DB29E7FD04}.Debug|x64.ActiveCfg = Debug|Any CPU
		{507214C4-FAED-45B1-BC58-08DB29E7FD04}.Debug|x64.Build.0 = Debug|Any CPU
		{507214C4-FAED-45B1-BC58-08DB29E7FD04}.Debug|x86.ActiveCfg = Debug|Any CPU
		{507214C4-FAED-45B1-BC58-08DB29E7FD04}.Debug|x86.Build.0 = Debug|Any CPU
		{507214C4-FAED-45B1-BC58-08DB29E7FD04}.Release|Any CPU.ActiveCfg = Release|Any CPU
		{507214C4-FAED-45B1-BC58-08DB29E7FD04}.Release|Any CPU.Build.0 = Release|Any CPU
		{507214C4-FAED-45B1-BC58-08DB29E7FD04}.Release|x64.ActiveCfg = Release|Any CPU
		{507214C4-FAED-45B1-BC58-08DB29E7FD04}.Release|x64.Build.0 = Release|Any CPU
		{507214C4-FAED-45B1-BC58-08DB29E7FD04}.Release|x86.ActiveCfg = Release|Any CPU
		{507214C4-FAED-45B1-BC58-08DB29E7FD04}.Release|x86.Build.0 = Release|Any CPU
	EndGlobalSection
	GlobalSection(SolutionProperties) = preSolution
		HideSolutionNode = FALSE
	EndGlobalSection
	GlobalSection(NestedProjects) = preSolution
		{830B172B-5973-4D6A-9B6B-0E9B3F084153} = {DC1795AE-F078-4556-816E-3B505DB22B10}
		{148A63DD-1249-49B7-80D8-601BABA6F236} = {012C86DA-F634-4751-BE70-5DF884E4B18D}
		{507214C4-FAED-45B1-BC58-08DB29E7FD04} = {012C86DA-F634-4751-BE70-5DF884E4B18D}
	EndGlobalSection
	GlobalSection(ExtensibilityGlobals) = postSolution
		SolutionGuid = {36C830EB-D6DA-4C8E-8DF6-2989E881EB21}
	EndGlobalSection
EndGlobal
