<Solution>
  <Configurations>
    <Platform Name="x64" />
  </Configurations>
  <Folder Name="/3rd/" />
  <Folder Name="/build/">
    <Project Path="../build/_build.csproj" />
  </Folder>
  <Folder Name="/build/scripts/">
    <File Path="../.github/workflows/build.yml" />
  </Folder>
  <Folder Name="/hxproxy/">
    <Project Path="../tools/BytecodeMapping/BytecodeMapping.csproj" />
    <Project Path="HashlinkNET.Bytecode/HashlinkNET.Bytecode.csproj" />
    <Project Path="HashlinkNET.Compiler/HashlinkNET.Compiler.csproj" />
    <Project Path="HaxeDocs/HaxeDocs.csproj" />
    <Project Path="HaxeProxy/HaxeProxy.csproj" />
  </Folder>
  <Folder Name="/native/">
    <Project Path="ModCore.Native.Fody/ModCore.Native.Fody.csproj" Id="9a947177-75af-4f3c-9083-5b268a809b48" />
    <Project Path="ModCore.Native/ModCore.Native.csproj">
      <BuildDependency Project="ModCore.Native.Fody/ModCore.Native.Fody.csproj" />
    </Project>
    <Project Path="NonPublicNativeMembers/NonPublicNativeMembers.csproj" />
  </Folder>
  <Folder Name="/plugins/">
    <Project Path="ModCore.ModLoader.Default/ModCore.ModLoader.Default.csproj" />
  </Folder>
  <Folder Name="/shell/">
    <Project Path="DCCMShell/DCCMShell.csproj" />
    <Project Path="DeadCellsModding/DeadCellsModding.csproj">
      <BuildDependency Project="DCCMShell/DCCMShell.csproj" />
      <BuildDependency Project="ModCore.ModLoader.Default/ModCore.ModLoader.Default.csproj" />
      <BuildDependency Project="ModCore/ModCore.csproj" />
      <Platform Project="x64" />
    </Project>
  </Folder>
  <Folder Name="/shell/steam/">
    <Project Path="SteamStartShell/SteamStartShell.csproj" Id="0c142aa5-a130-463a-8c10-91c7e0be8184">
      <BuildDependency Project="DeadCellsModding/DeadCellsModding.csproj" />
    </Project>
  </Folder>
  <Folder Name="/shell/gog/">
    <Project Path="GOGStartShell/GOGStartShell.csproj">
      <BuildDependency Project="DeadCellsModding/DeadCellsModding.csproj" />
    </Project>
  </Folder>
  <Folder Name="/Solution Items/">
    <File Path="../.gitignore" />
    <File Path="../Directory.Build.props" />
    <File Path="../IncludeSteamworkNET.props" />
    <File Path="../LICENSE" />
    <File Path="../README.md" />
    <File Path=".editorconfig" />
  </Folder>
  <Folder Name="/test/">
    <Project Path="../test/TestMod/TestMod.csproj" />
    <Project Path="../test/TestRunner/TestRunner.csproj" />
  </Folder>
  <Project Path="../mdk/GameRes.Core/GameRes.Core.csproj">
    <Platform Project="x64" />
  </Project>
  <Project Path="HashlinkSharp/HashlinkSharp.csproj" />
  <Project Path="Haxe2CSharp/Haxe2CSharp.csproj" Id="83cb2ff3-256d-4077-8d20-430af9b9589b" />
  <Project Path="ModCore.Assets/ModCore.Assets.csproj" Id="74c363b3-adde-42c7-94d8-d19d6ad00e13" />
  <Project Path="ModCore.Common/ModCore.Common.csproj" />
  <Project Path="ModCore/ModCore.csproj" />
</Solution>
