
Microsoft Visual Studio Solution File, Format Version 12.00
# Visual Studio Version 17
VisualStudioVersion = 17.0.31903.59
MinimumVisualStudioVersion = 10.0.40219.1
Project("{9A19103F-16F7-4668-BE54-9A1E7A4F7556}") = "DeadCellsModding", "DeadCellsModding\DeadCellsModding.csproj", "{830B172B-5973-4D6A-9B6B-0E9B3F084153}"
EndProject
Project("{9A19103F-16F7-4668-BE54-9A1E7A4F7556}") = "ModCore", "ModCore\ModCore.csproj", "{798EC443-C229-4F22-86B4-8BDE18266DBA}"
EndProject
Project("{9A19103F-16F7-4668-BE54-9A1E7A4F7556}") = "MinHook.NET", "..\3rd\MinHook.NET\MinHook.NET\MinHook.NET.csproj", "{B464CB66-4428-4FF9-8F42-545D9006AF85}"
EndProject
Project("{2150E333-8FDC-42A3-9474-1A3956D46DE8}") = "3rd", "3rd", "{6AB79529-EED5-4F1F-AB5D-A92ECB74171C}"
EndProject
Project("{2150E333-8FDC-42A3-9474-1A3956D46DE8}") = "loader", "loader", "{DC1795AE-F078-4556-816E-3B505DB22B10}"
EndProject
Project("{FAE04EC0-301F-11D3-BF4B-00C04F79EFBC}") = "HashlinkSharp", "HashlinkSharp\HashlinkSharp.csproj", "{148A63DD-1249-49B7-80D8-601BABA6F236}"
EndProject
Project("{2150E333-8FDC-42A3-9474-1A3956D46DE8}") = "VM", "VM", "{012C86DA-F634-4751-BE70-5DF884E4B18D}"
EndProject
Project("{FAE04EC0-301F-11D3-BF4B-00C04F79EFBC}") = "HashlinkSharp.Generator", "HashlinkSharp.Generator\HashlinkSharp.Generator.csproj", "{1D47AD5E-A1ED-494B-B7F0-E4CF341EF3A8}"
EndProject
Global
	GlobalSection(SolutionConfigurationPlatforms) = preSolution
		Debug|Any CPU = Debug|Any CPU
		Debug|x64 = Debug|x64
		Debug|x86 = Debug|x86
		Release|Any CPU = Release|Any CPU
		Release|x64 = Release|x64
		Release|x86 = Release|x86
	EndGlobalSection
	GlobalSection(ProjectConfigurationPlatforms) = postSolution
		{830B172B-5973-4D6A-9B6B-0E9B3F084153}.Debug|Any CPU.ActiveCfg = Debug|Any CPU
		{830B172B-5973-4D6A-9B6B-0E9B3F084153}.Debug|Any CPU.Build.0 = Debug|Any CPU
		{830B172B-5973-4D6A-9B6B-0E9B3F084153}.Debug|x64.ActiveCfg = Debug|Any CPU
		{830B172B-5973-4D6A-9B6B-0E9B3F084153}.Debug|x64.Build.0 = Debug|Any CPU
		{830B172B-5973-4D6A-9B6B-0E9B3F084153}.Debug|x86.ActiveCfg = Debug|Any CPU
		{830B172B-5973-4D6A-9B6B-0E9B3F084153}.Debug|x86.Build.0 = Debug|Any CPU
		{830B172B-5973-4D6A-9B6B-0E9B3F084153}.Release|Any CPU.ActiveCfg = Release|Any CPU
		{830B172B-5973-4D6A-9B6B-0E9B3F084153}.Release|Any CPU.Build.0 = Release|Any CPU
		{830B172B-5973-4D6A-9B6B-0E9B3F084153}.Release|x64.ActiveCfg = Release|Any CPU
		{830B172B-5973-4D6A-9B6B-0E9B3F084153}.Release|x64.Build.0 = Release|Any CPU
		{830B172B-5973-4D6A-9B6B-0E9B3F084153}.Release|x86.ActiveCfg = Release|Any CPU
		{830B172B-5973-4D6A-9B6B-0E9B3F084153}.Release|x86.Build.0 = Release|Any CPU
		{798EC443-C229-4F22-86B4-8BDE18266DBA}.Debug|Any CPU.ActiveCfg = Debug|Any CPU
		{798EC443-C229-4F22-86B4-8BDE18266DBA}.Debug|Any CPU.Build.0 = Debug|Any CPU
		{798EC443-C229-4F22-86B4-8BDE18266DBA}.Debug|x64.ActiveCfg = Debug|Any CPU
		{798EC443-C229-4F22-86B4-8BDE18266DBA}.Debug|x64.Build.0 = Debug|Any CPU
		{798EC443-C229-4F22-86B4-8BDE18266DBA}.Debug|x86.ActiveCfg = Debug|Any CPU
		{798EC443-C229-4F22-86B4-8BDE18266DBA}.Debug|x86.Build.0 = Debug|Any CPU
		{798EC443-C229-4F22-86B4-8BDE18266DBA}.Release|Any CPU.ActiveCfg = Release|Any CPU
		{798EC443-C229-4F22-86B4-8BDE18266DBA}.Release|Any CPU.Build.0 = Release|Any CPU
		{798EC443-C229-4F22-86B4-8BDE18266DBA}.Release|x64.ActiveCfg = Release|Any CPU
		{798EC443-C229-4F22-86B4-8BDE18266DBA}.Release|x64.Build.0 = Release|Any CPU
		{798EC443-C229-4F22-86B4-8BDE18266DBA}.Release|x86.ActiveCfg = Release|Any CPU
		{798EC443-C229-4F22-86B4-8BDE18266DBA}.Release|x86.Build.0 = Release|Any CPU
		{B464CB66-4428-4FF9-8F42-545D9006AF85}.Debug|Any CPU.ActiveCfg = Debug|Any CPU
		{B464CB66-4428-4FF9-8F42-545D9006AF85}.Debug|Any CPU.Build.0 = Debug|Any CPU
		{B464CB66-4428-4FF9-8F42-545D9006AF85}.Debug|x64.ActiveCfg = Debug|Any CPU
		{B464CB66-4428-4FF9-8F42-545D9006AF85}.Debug|x64.Build.0 = Debug|Any CPU
		{B464CB66-4428-4FF9-8F42-545D9006AF85}.Debug|x86.ActiveCfg = Debug|Any CPU
		{B464CB66-4428-4FF9-8F42-545D9006AF85}.Debug|x86.Build.0 = Debug|Any CPU
		{B464CB66-4428-4FF9-8F42-545D9006AF85}.Release|Any CPU.ActiveCfg = Release|Any CPU
		{B464CB66-4428-4FF9-8F42-545D9006AF85}.Release|Any CPU.Build.0 = Release|Any CPU
		{B464CB66-4428-4FF9-8F42-545D9006AF85}.Release|x64.ActiveCfg = Release|Any CPU
		{B464CB66-4428-4FF9-8F42-545D9006AF85}.Release|x64.Build.0 = Release|Any CPU
		{B464CB66-4428-4FF9-8F42-545D9006AF85}.Release|x86.ActiveCfg = Release|Any CPU
		{B464CB66-4428-4FF9-8F42-545D9006AF85}.Release|x86.Build.0 = Release|Any CPU
		{148A63DD-1249-49B7-80D8-601BABA6F236}.Debug|Any CPU.ActiveCfg = Debug|Any CPU
		{148A63DD-1249-49B7-80D8-601BABA6F236}.Debug|Any CPU.Build.0 = Debug|Any CPU
		{148A63DD-1249-49B7-80D8-601BABA6F236}.Debug|x64.ActiveCfg = Debug|Any CPU
		{148A63DD-1249-49B7-80D8-601BABA6F236}.Debug|x64.Build.0 = Debug|Any CPU
		{148A63DD-1249-49B7-80D8-601BABA6F236}.Debug|x86.ActiveCfg = Debug|Any CPU
		{148A63DD-1249-49B7-80D8-601BABA6F236}.Debug|x86.Build.0 = Debug|Any CPU
		{148A63DD-1249-49B7-80D8-601BABA6F236}.Release|Any CPU.ActiveCfg = Release|Any CPU
		{148A63DD-1249-49B7-80D8-601BABA6F236}.Release|Any CPU.Build.0 = Release|Any CPU
		{148A63DD-1249-49B7-80D8-601BABA6F236}.Release|x64.ActiveCfg = Release|Any CPU
		{148A63DD-1249-49B7-80D8-601BABA6F236}.Release|x64.Build.0 = Release|Any CPU
		{148A63DD-1249-49B7-80D8-601BABA6F236}.Release|x86.ActiveCfg = Release|Any CPU
		{148A63DD-1249-49B7-80D8-601BABA6F236}.Release|x86.Build.0 = Release|Any CPU
		{1D47AD5E-A1ED-494B-B7F0-E4CF341EF3A8}.Debug|Any CPU.ActiveCfg = Debug|Any CPU
		{1D47AD5E-A1ED-494B-B7F0-E4CF341EF3A8}.Debug|Any CPU.Build.0 = Debug|Any CPU
		{1D47AD5E-A1ED-494B-B7F0-E4CF341EF3A8}.Debug|x64.ActiveCfg = Debug|Any CPU
		{1D47AD5E-A1ED-494B-B7F0-E4CF341EF3A8}.Debug|x64.Build.0 = Debug|Any CPU
		{1D47AD5E-A1ED-494B-B7F0-E4CF341EF3A8}.Debug|x86.ActiveCfg = Debug|Any CPU
		{1D47AD5E-A1ED-494B-B7F0-E4CF341EF3A8}.Debug|x86.Build.0 = Debug|Any CPU
		{1D47AD5E-A1ED-494B-B7F0-E4CF341EF3A8}.Release|Any CPU.ActiveCfg = Release|Any CPU
		{1D47AD5E-A1ED-494B-B7F0-E4CF341EF3A8}.Release|Any CPU.Build.0 = Release|Any CPU
		{1D47AD5E-A1ED-494B-B7F0-E4CF341EF3A8}.Release|x64.ActiveCfg = Release|Any CPU
		{1D47AD5E-A1ED-494B-B7F0-E4CF341EF3A8}.Release|x64.Build.0 = Release|Any CPU
		{1D47AD5E-A1ED-494B-B7F0-E4CF341EF3A8}.Release|x86.ActiveCfg = Release|Any CPU
		{1D47AD5E-A1ED-494B-B7F0-E4CF341EF3A8}.Release|x86.Build.0 = Release|Any CPU
	EndGlobalSection
	GlobalSection(SolutionProperties) = preSolution
		HideSolutionNode = FALSE
	EndGlobalSection
	GlobalSection(NestedProjects) = preSolution
		{830B172B-5973-4D6A-9B6B-0E9B3F084153} = {DC1795AE-F078-4556-816E-3B505DB22B10}
		{B464CB66-4428-4FF9-8F42-545D9006AF85} = {6AB79529-EED5-4F1F-AB5D-A92ECB74171C}
		{148A63DD-1249-49B7-80D8-601BABA6F236} = {012C86DA-F634-4751-BE70-5DF884E4B18D}
		{1D47AD5E-A1ED-494B-B7F0-E4CF341EF3A8} = {012C86DA-F634-4751-BE70-5DF884E4B18D}
	EndGlobalSection
	GlobalSection(ExtensibilityGlobals) = postSolution
		SolutionGuid = {36C830EB-D6DA-4C8E-8DF6-2989E881EB21}
	EndGlobalSection
EndGlobal
