
Microsoft Visual Studio Solution File, Format Version 12.00
# Visual Studio Version 17
VisualStudioVersion = 17.0.31903.59
MinimumVisualStudioVersion = 10.0.40219.1
Project("{2150E333-8FDC-42A3-9474-1A3956D46DE8}") = "解决方案项", "解决方案项", "{D7BDD3E5-1C6F-4DC6-AD64-3327839083DF}"
	ProjectSection(SolutionItems) = preProject
		Directory.Build.props = Directory.Build.props
		Directory.Build.targets = Directory.Build.targets
	EndProjectSection
EndProject
Project("{FAE04EC0-301F-11D3-BF4B-00C04F79EFBC}") = "SampleSimple", "SampleSimple\SampleSimple.csproj", "{D2445DC1-28ED-4838-B04C-615BC2E2B312}"
EndProject
Project("{FAE04EC0-301F-11D3-BF4B-00C04F79EFBC}") = "LibraryMod", "LibraryMod\LibraryMod.csproj", "{205EA21A-CE5F-40EF-B182-76A006A41187}"
EndProject
Project("{FAE04EC0-301F-11D3-BF4B-00C04F79EFBC}") = "DoubleCells", "DoubleCells\DoubleCells.csproj", "{E5F09225-F441-4E13-A30C-CFBD20339301}"
EndProject
Project("{FAE04EC0-301F-11D3-BF4B-00C04F79EFBC}") = "SampleHook", "SampleHook\SampleHook.csproj", "{BE1E07A7-ADE1-4B06-9DAF-37BA5C5BECF6}"
EndProject
Global
	GlobalSection(SolutionConfigurationPlatforms) = preSolution
		Debug|Any CPU = Debug|Any CPU
		Release|Any CPU = Release|Any CPU
	EndGlobalSection
	GlobalSection(ProjectConfigurationPlatforms) = postSolution
		{D2445DC1-28ED-4838-B04C-615BC2E2B312}.Debug|Any CPU.ActiveCfg = Debug|Any CPU
		{D2445DC1-28ED-4838-B04C-615BC2E2B312}.Debug|Any CPU.Build.0 = Debug|Any CPU
		{D2445DC1-28ED-4838-B04C-615BC2E2B312}.Release|Any CPU.ActiveCfg = Release|Any CPU
		{D2445DC1-28ED-4838-B04C-615BC2E2B312}.Release|Any CPU.Build.0 = Release|Any CPU
		{205EA21A-CE5F-40EF-B182-76A006A41187}.Debug|Any CPU.ActiveCfg = Debug|Any CPU
		{205EA21A-CE5F-40EF-B182-76A006A41187}.Debug|Any CPU.Build.0 = Debug|Any CPU
		{205EA21A-CE5F-40EF-B182-76A006A41187}.Release|Any CPU.ActiveCfg = Release|Any CPU
		{205EA21A-CE5F-40EF-B182-76A006A41187}.Release|Any CPU.Build.0 = Release|Any CPU
		{E5F09225-F441-4E13-A30C-CFBD20339301}.Debug|Any CPU.ActiveCfg = Debug|Any CPU
		{E5F09225-F441-4E13-A30C-CFBD20339301}.Debug|Any CPU.Build.0 = Debug|Any CPU
		{E5F09225-F441-4E13-A30C-CFBD20339301}.Release|Any CPU.ActiveCfg = Release|Any CPU
		{E5F09225-F441-4E13-A30C-CFBD20339301}.Release|Any CPU.Build.0 = Release|Any CPU
		{BE1E07A7-ADE1-4B06-9DAF-37BA5C5BECF6}.Debug|Any CPU.ActiveCfg = Debug|Any CPU
		{BE1E07A7-ADE1-4B06-9DAF-37BA5C5BECF6}.Debug|Any CPU.Build.0 = Debug|Any CPU
		{BE1E07A7-ADE1-4B06-9DAF-37BA5C5BECF6}.Release|Any CPU.ActiveCfg = Release|Any CPU
		{BE1E07A7-ADE1-4B06-9DAF-37BA5C5BECF6}.Release|Any CPU.Build.0 = Release|Any CPU
	EndGlobalSection
	GlobalSection(SolutionProperties) = preSolution
		HideSolutionNode = FALSE
	EndGlobalSection
EndGlobal
