<Solution>
  <Folder Name="/Haxe Proxy/">
    <Project Path="../sources/HashlinkNET.Bytecode/HashlinkNET.Bytecode.csproj" />
    <Project Path="../sources/HashlinkNET.Compiler/HashlinkNET.Compiler.csproj" />
    <Project Path="../sources/HashlinkSharp/HashlinkSharp.csproj" />
    <Project Path="../sources/HaxeProxy/HaxeProxy.csproj" />
    <Project Path="HaxeProxyGenerator/HaxeProxyGenerator.csproj" />
  </Folder>
  <Project Path="../sources/NonPublicNativeMembers/NonPublicNativeMembers.csproj" />
  <Project Path="BytecodeMapping/BytecodeMapping.csproj" />
  <Project Path="NonPublicMemberScanner/NonPublicMemberScanner.csproj" />
</Solution>
